
Microsoft Visual Studio Solution File, Format Version 12.00
# Visual Studio Version 16
VisualStudioVersion = 16.0.31205.134
MinimumVisualStudioVersion = 10.0.40219.1
Project("{9A19103F-16F7-4668-BE54-9A1E7A4F7556}") = "JiraChangesNotifier", "JiraDataProvider\JiraChangesNotifier.csproj", "{8AFF3150-2656-4340-BD0F-93D243E7FD54}"
EndProject
Project("{FAE04EC0-301F-11D3-BF4B-00C04F79EFBC}") = "Tests", "Tests\Tests.csproj", "{07ADFDE7-3200-49CF-82DB-E57DE138756F}"
EndProject
Global
	GlobalSection(SolutionConfigurationPlatforms) = preSolution
		Debug|Any CPU = Debug|Any CPU
		Release|Any CPU = Release|Any CPU
	EndGlobalSection
	GlobalSection(ProjectConfigurationPlatforms) = postSolution
		{8AFF3150-2656-4340-BD0F-93D243E7FD54}.Debug|Any CPU.ActiveCfg = Debug|Any CPU
		{8AFF3150-2656-4340-BD0F-93D243E7FD54}.Debug|Any CPU.Build.0 = Debug|Any CPU
		{8AFF3150-2656-4340-BD0F-93D243E7FD54}.Release|Any CPU.ActiveCfg = Release|Any CPU
		{8AFF3150-2656-4340-BD0F-93D243E7FD54}.Release|Any CPU.Build.0 = Release|Any CPU
		{07ADFDE7-3200-49CF-82DB-E57DE138756F}.Debug|Any CPU.ActiveCfg = Debug|Any CPU
		{07ADFDE7-3200-49CF-82DB-E57DE138756F}.Debug|Any CPU.Build.0 = Debug|Any CPU
		{07ADFDE7-3200-49CF-82DB-E57DE138756F}.Release|Any CPU.ActiveCfg = Release|Any CPU
		{07ADFDE7-3200-49CF-82DB-E57DE138756F}.Release|Any CPU.Build.0 = Release|Any CPU
	EndGlobalSection
	GlobalSection(SolutionProperties) = preSolution
		HideSolutionNode = FALSE
	EndGlobalSection
	GlobalSection(ExtensibilityGlobals) = postSolution
		SolutionGuid = {382B128F-FD23-4B06-BC0B-519DF07B5380}
	EndGlobalSection
EndGlobal
